
Microsoft Visual Studio Solution File, Format Version 11.00
# Visual Studio 2010
Project("{FAE04EC0-301F-11D3-BF4B-00C04F79EFBC}") = "UniRx", "UniRx.csproj", "{BE03DFFF-D5F2-4775-C2A9-9CDC670E03AB}"
EndProject
Project("{FAE04EC0-301F-11D3-BF4B-00C04F79EFBC}") = "UniTask", "UniTask.csproj", "{51B06481-783C-1D20-F156-10DFD43C5C97}"
EndProject
Project("{FAE04EC0-301F-11D3-BF4B-00C04F79EFBC}") = "GoogleMobileAds", "GoogleMobileAds.csproj", "{8D4B5D1B-1790-F7BE-ABF1-4A9F34B7BC92}"
EndProject
Project("{FAE04EC0-301F-11D3-BF4B-00C04F79EFBC}") = "UniTask.Linq", "UniTask.Linq.csproj", "{21ECA19C-3F2B-63B5-159A-6A67CE243837}"
EndProject
Project("{FAE04EC0-301F-11D3-BF4B-00C04F79EFBC}") = "UniRx.Examples", "UniRx.Examples.csproj", "{5E93CBB0-E65D-4429-BEB6-AC16BAFF522E}"
EndProject
Project("{FAE04EC0-301F-11D3-BF4B-00C04F79EFBC}") = "Assembly-CSharp", "Assembly-CSharp.csproj", "{D96AB978-A680-E0AB-774B-ACD02EA651DF}"
EndProject
Project("{FAE04EC0-301F-11D3-BF4B-00C04F79EFBC}") = "UniTask.TextMeshPro", "UniTask.TextMeshPro.csproj", "{90DDAF04-CEC0-8730-E727-64F5D7CF17A2}"
EndProject
Project("{FAE04EC0-301F-11D3-BF4B-00C04F79EFBC}") = "UniTask.DOTween", "UniTask.DOTween.csproj", "{0067197C-8CC1-651A-5F80-DA26AE7247EC}"
EndProject
Project("{FAE04EC0-301F-11D3-BF4B-00C04F79EFBC}") = "UniTask.Addressables", "UniTask.Addressables.csproj", "{236CF84D-868C-FAE0-189C-A93C2E8D2AAE}"
EndProject
Project("{FAE04EC0-301F-11D3-BF4B-00C04F79EFBC}") = "Assembly-CSharp-Editor", "Assembly-CSharp-Editor.csproj", "{4E397593-B272-173F-54C8-167E59D598CB}"
EndProject
Project("{FAE04EC0-301F-11D3-BF4B-00C04F79EFBC}") = "GoogleMobileAds.Editor", "GoogleMobileAds.Editor.csproj", "{62BF3F1D-8478-982D-31CE-5C0EB9B2D40E}"
EndProject
Project("{FAE04EC0-301F-11D3-BF4B-00C04F79EFBC}") = "UniTask.Editor", "UniTask.Editor.csproj", "{F71E8ECD-9C71-32CD-8025-C37CD3655305}"
EndProject
Global
	GlobalSection(SolutionConfigurationPlatforms) = preSolution
		Debug|Any CPU = Debug|Any CPU
		Release|Any CPU = Release|Any CPU
	EndGlobalSection
	GlobalSection(ProjectConfigurationPlatforms) = postSolution
		{BE03DFFF-D5F2-4775-C2A9-9CDC670E03AB}.Debug|Any CPU.ActiveCfg = Debug|Any CPU
		{BE03DFFF-D5F2-4775-C2A9-9CDC670E03AB}.Debug|Any CPU.Build.0 = Debug|Any CPU
		{BE03DFFF-D5F2-4775-C2A9-9CDC670E03AB}.Release|Any CPU.ActiveCfg = Release|Any CPU
		{BE03DFFF-D5F2-4775-C2A9-9CDC670E03AB}.Release|Any CPU.Build.0 = Release|Any CPU
		{51B06481-783C-1D20-F156-10DFD43C5C97}.Debug|Any CPU.ActiveCfg = Debug|Any CPU
		{51B06481-783C-1D20-F156-10DFD43C5C97}.Debug|Any CPU.Build.0 = Debug|Any CPU
		{51B06481-783C-1D20-F156-10DFD43C5C97}.Release|Any CPU.ActiveCfg = Release|Any CPU
		{51B06481-783C-1D20-F156-10DFD43C5C97}.Release|Any CPU.Build.0 = Release|Any CPU
		{8D4B5D1B-1790-F7BE-ABF1-4A9F34B7BC92}.Debug|Any CPU.ActiveCfg = Debug|Any CPU
		{8D4B5D1B-1790-F7BE-ABF1-4A9F34B7BC92}.Debug|Any CPU.Build.0 = Debug|Any CPU
		{8D4B5D1B-1790-F7BE-ABF1-4A9F34B7BC92}.Release|Any CPU.ActiveCfg = Release|Any CPU
		{8D4B5D1B-1790-F7BE-ABF1-4A9F34B7BC92}.Release|Any CPU.Build.0 = Release|Any CPU
		{21ECA19C-3F2B-63B5-159A-6A67CE243837}.Debug|Any CPU.ActiveCfg = Debug|Any CPU
		{21ECA19C-3F2B-63B5-159A-6A67CE243837}.Debug|Any CPU.Build.0 = Debug|Any CPU
		{21ECA19C-3F2B-63B5-159A-6A67CE243837}.Release|Any CPU.ActiveCfg = Release|Any CPU
		{21ECA19C-3F2B-63B5-159A-6A67CE243837}.Release|Any CPU.Build.0 = Release|Any CPU
		{5E93CBB0-E65D-4429-BEB6-AC16BAFF522E}.Debug|Any CPU.ActiveCfg = Debug|Any CPU
		{5E93CBB0-E65D-4429-BEB6-AC16BAFF522E}.Debug|Any CPU.Build.0 = Debug|Any CPU
		{5E93CBB0-E65D-4429-BEB6-AC16BAFF522E}.Release|Any CPU.ActiveCfg = Release|Any CPU
		{5E93CBB0-E65D-4429-BEB6-AC16BAFF522E}.Release|Any CPU.Build.0 = Release|Any CPU
		{D96AB978-A680-E0AB-774B-ACD02EA651DF}.Debug|Any CPU.ActiveCfg = Debug|Any CPU
		{D96AB978-A680-E0AB-774B-ACD02EA651DF}.Debug|Any CPU.Build.0 = Debug|Any CPU
		{D96AB978-A680-E0AB-774B-ACD02EA651DF}.Release|Any CPU.ActiveCfg = Release|Any CPU
		{D96AB978-A680-E0AB-774B-ACD02EA651DF}.Release|Any CPU.Build.0 = Release|Any CPU
		{90DDAF04-CEC0-8730-E727-64F5D7CF17A2}.Debug|Any CPU.ActiveCfg = Debug|Any CPU
		{90DDAF04-CEC0-8730-E727-64F5D7CF17A2}.Debug|Any CPU.Build.0 = Debug|Any CPU
		{90DDAF04-CEC0-8730-E727-64F5D7CF17A2}.Release|Any CPU.ActiveCfg = Release|Any CPU
		{90DDAF04-CEC0-8730-E727-64F5D7CF17A2}.Release|Any CPU.Build.0 = Release|Any CPU
		{0067197C-8CC1-651A-5F80-DA26AE7247EC}.Debug|Any CPU.ActiveCfg = Debug|Any CPU
		{0067197C-8CC1-651A-5F80-DA26AE7247EC}.Debug|Any CPU.Build.0 = Debug|Any CPU
		{0067197C-8CC1-651A-5F80-DA26AE7247EC}.Release|Any CPU.ActiveCfg = Release|Any CPU
		{0067197C-8CC1-651A-5F80-DA26AE7247EC}.Release|Any CPU.Build.0 = Release|Any CPU
		{236CF84D-868C-FAE0-189C-A93C2E8D2AAE}.Debug|Any CPU.ActiveCfg = Debug|Any CPU
		{236CF84D-868C-FAE0-189C-A93C2E8D2AAE}.Debug|Any CPU.Build.0 = Debug|Any CPU
		{236CF84D-868C-FAE0-189C-A93C2E8D2AAE}.Release|Any CPU.ActiveCfg = Release|Any CPU
		{236CF84D-868C-FAE0-189C-A93C2E8D2AAE}.Release|Any CPU.Build.0 = Release|Any CPU
		{4E397593-B272-173F-54C8-167E59D598CB}.Debug|Any CPU.ActiveCfg = Debug|Any CPU
		{4E397593-B272-173F-54C8-167E59D598CB}.Debug|Any CPU.Build.0 = Debug|Any CPU
		{4E397593-B272-173F-54C8-167E59D598CB}.Release|Any CPU.ActiveCfg = Release|Any CPU
		{4E397593-B272-173F-54C8-167E59D598CB}.Release|Any CPU.Build.0 = Release|Any CPU
		{62BF3F1D-8478-982D-31CE-5C0EB9B2D40E}.Debug|Any CPU.ActiveCfg = Debug|Any CPU
		{62BF3F1D-8478-982D-31CE-5C0EB9B2D40E}.Debug|Any CPU.Build.0 = Debug|Any CPU
		{62BF3F1D-8478-982D-31CE-5C0EB9B2D40E}.Release|Any CPU.ActiveCfg = Release|Any CPU
		{62BF3F1D-8478-982D-31CE-5C0EB9B2D40E}.Release|Any CPU.Build.0 = Release|Any CPU
		{F71E8ECD-9C71-32CD-8025-C37CD3655305}.Debug|Any CPU.ActiveCfg = Debug|Any CPU
		{F71E8ECD-9C71-32CD-8025-C37CD3655305}.Debug|Any CPU.Build.0 = Debug|Any CPU
		{F71E8ECD-9C71-32CD-8025-C37CD3655305}.Release|Any CPU.ActiveCfg = Release|Any CPU
		{F71E8ECD-9C71-32CD-8025-C37CD3655305}.Release|Any CPU.Build.0 = Release|Any CPU
	EndGlobalSection
	GlobalSection(SolutionProperties) = preSolution
		HideSolutionNode = FALSE
	EndGlobalSection
EndGlobal
